
Microsoft Visual Studio Solution File, Format Version 12.00
# Visual Studio 2013
VisualStudioVersion = 12.0.31101.0
MinimumVisualStudioVersion = 10.0.40219.1
Project("{FAE04EC0-301F-11D3-BF4B-00C04F79EFBC}") = "ZeichenZaehlenTest", "ZeichenZaehlenTest\ZeichenZaehlenTest.csproj", "{F217392F-78F1-4270-85B2-674D663B2536}"
EndProject
Project("{FAE04EC0-301F-11D3-BF4B-00C04F79EFBC}") = "ZeichenZaehlen", "ZeichenZaehlen\ZeichenZaehlen.csproj", "{805F3DFD-F821-4AB8-B5F6-1102585273FB}"
EndProject
Global
	GlobalSection(SolutionConfigurationPlatforms) = preSolution
		Debug|Any CPU = Debug|Any CPU
		Release|Any CPU = Release|Any CPU
	EndGlobalSection
	GlobalSection(ProjectConfigurationPlatforms) = postSolution
		{F217392F-78F1-4270-85B2-674D663B2536}.Debug|Any CPU.ActiveCfg = Debug|Any CPU
		{F217392F-78F1-4270-85B2-674D663B2536}.Debug|Any CPU.Build.0 = Debug|Any CPU
		{F217392F-78F1-4270-85B2-674D663B2536}.Release|Any CPU.ActiveCfg = Release|Any CPU
		{F217392F-78F1-4270-85B2-674D663B2536}.Release|Any CPU.Build.0 = Release|Any CPU
		{805F3DFD-F821-4AB8-B5F6-1102585273FB}.Debug|Any CPU.ActiveCfg = Debug|Any CPU
		{805F3DFD-F821-4AB8-B5F6-1102585273FB}.Debug|Any CPU.Build.0 = Debug|Any CPU
		{805F3DFD-F821-4AB8-B5F6-1102585273FB}.Release|Any CPU.ActiveCfg = Release|Any CPU
		{805F3DFD-F821-4AB8-B5F6-1102585273FB}.Release|Any CPU.Build.0 = Release|Any CPU
	EndGlobalSection
	GlobalSection(SolutionProperties) = preSolution
		HideSolutionNode = FALSE
	EndGlobalSection
EndGlobal
